
Microsoft Visual Studio Solution File, Format Version 12.00
# Visual Studio Version 16
VisualStudioVersion = 16.0.29123.88
MinimumVisualStudioVersion = 10.0.40219.1
Project("{9A19103F-16F7-4668-BE54-9A1E7A4F7556}") = "TestCatalog", "TestCatalog\TestCatalog.csproj", "{8FC3AAD1-22B4-4164-80EA-A0E447C6B7DE}"
EndProject
Project("{FAE04EC0-301F-11D3-BF4B-00C04F79EFBC}") = "WebCatalog", "WebCatalog\WebCatalog.csproj", "{0746F4A5-47CC-4067-AE81-F961E1B8D033}"
EndProject
Global
	GlobalSection(SolutionConfigurationPlatforms) = preSolution
		Debug|Any CPU = Debug|Any CPU
		Release|Any CPU = Release|Any CPU
	EndGlobalSection
	GlobalSection(ProjectConfigurationPlatforms) = postSolution
		{8FC3AAD1-22B4-4164-80EA-A0E447C6B7DE}.Debug|Any CPU.ActiveCfg = Debug|Any CPU
		{8FC3AAD1-22B4-4164-80EA-A0E447C6B7DE}.Debug|Any CPU.Build.0 = Debug|Any CPU
		{8FC3AAD1-22B4-4164-80EA-A0E447C6B7DE}.Release|Any CPU.ActiveCfg = Release|Any CPU
		{8FC3AAD1-22B4-4164-80EA-A0E447C6B7DE}.Release|Any CPU.Build.0 = Release|Any CPU
		{0746F4A5-47CC-4067-AE81-F961E1B8D033}.Debug|Any CPU.ActiveCfg = Debug|Any CPU
		{0746F4A5-47CC-4067-AE81-F961E1B8D033}.Debug|Any CPU.Build.0 = Debug|Any CPU
		{0746F4A5-47CC-4067-AE81-F961E1B8D033}.Release|Any CPU.ActiveCfg = Release|Any CPU
		{0746F4A5-47CC-4067-AE81-F961E1B8D033}.Release|Any CPU.Build.0 = Release|Any CPU
	EndGlobalSection
	GlobalSection(SolutionProperties) = preSolution
		HideSolutionNode = FALSE
	EndGlobalSection
	GlobalSection(ExtensibilityGlobals) = postSolution
		SolutionGuid = {3D6B15E7-932F-4DF5-B550-D7725AB45844}
	EndGlobalSection
EndGlobal
