
Microsoft Visual Studio Solution File, Format Version 12.00
# Visual Studio Version 16
VisualStudioVersion = 16.0.29123.88
MinimumVisualStudioVersion = 10.0.40219.1
Project("{FAE04EC0-301F-11D3-BF4B-00C04F79EFBC}") = "WebCatalog", "WebCatalog\WebCatalog.csproj", "{0746F4A5-47CC-4067-AE81-F961E1B8D033}"
EndProject
Project("{FAE04EC0-301F-11D3-BF4B-00C04F79EFBC}") = "UnitTestProject", "UnitTestProject\UnitTestProject.csproj", "{8CCFF287-B248-49F9-A069-37B22F9EDEDA}"
EndProject
Global
	GlobalSection(SolutionConfigurationPlatforms) = preSolution
		Debug|Any CPU = Debug|Any CPU
		Release|Any CPU = Release|Any CPU
	EndGlobalSection
	GlobalSection(ProjectConfigurationPlatforms) = postSolution
		{0746F4A5-47CC-4067-AE81-F961E1B8D033}.Debug|Any CPU.ActiveCfg = Debug|Any CPU
		{0746F4A5-47CC-4067-AE81-F961E1B8D033}.Debug|Any CPU.Build.0 = Debug|Any CPU
		{0746F4A5-47CC-4067-AE81-F961E1B8D033}.Release|Any CPU.ActiveCfg = Release|Any CPU
		{0746F4A5-47CC-4067-AE81-F961E1B8D033}.Release|Any CPU.Build.0 = Release|Any CPU
		{8CCFF287-B248-49F9-A069-37B22F9EDEDA}.Debug|Any CPU.ActiveCfg = Debug|Any CPU
		{8CCFF287-B248-49F9-A069-37B22F9EDEDA}.Debug|Any CPU.Build.0 = Debug|Any CPU
		{8CCFF287-B248-49F9-A069-37B22F9EDEDA}.Release|Any CPU.ActiveCfg = Release|Any CPU
		{8CCFF287-B248-49F9-A069-37B22F9EDEDA}.Release|Any CPU.Build.0 = Release|Any CPU
	EndGlobalSection
	GlobalSection(SolutionProperties) = preSolution
		HideSolutionNode = FALSE
	EndGlobalSection
	GlobalSection(ExtensibilityGlobals) = postSolution
		SolutionGuid = {3D6B15E7-932F-4DF5-B550-D7725AB45844}
	EndGlobalSection
EndGlobal
